
Microsoft Visual Studio Solution File, Format Version 12.00
Project("{FAE04EC0-301F-11D3-BF4B-00C04F79EFBC}") = "API", "API\API.csproj", "{2B9ED235-535B-413A-8152-F184EFFF7887}"
EndProject
Project("{2150E333-8FDC-42A3-9474-1A3956D46DE8}") = "src", "src", "{50D94278-9F56-4E66-805B-97DC0F41E8D1}"
EndProject
Project("{2150E333-8FDC-42A3-9474-1A3956D46DE8}") = "tests", "tests", "{2CCF621D-A516-4497-9817-C600F5BEC85D}"
EndProject
Project("{FAE04EC0-301F-11D3-BF4B-00C04F79EFBC}") = "Domain", "Domain\Domain.csproj", "{CCEA6D65-C6C5-4B82-BFFD-0EA0BDDFAC16}"
EndProject
Project("{2150E333-8FDC-42A3-9474-1A3956D46DE8}") = "Data", "Data", "{682F5EE6-E481-4641-A794-803526516F66}"
EndProject
Project("{FAE04EC0-301F-11D3-BF4B-00C04F79EFBC}") = "SecurityDb", "SecurityDb\SecurityDb.csproj", "{61FFC57C-9EA5-4745-BA26-7A3239382FF8}"
EndProject
Project("{FAE04EC0-301F-11D3-BF4B-00C04F79EFBC}") = "UserDb", "UserDb\UserDb.csproj", "{09875BEC-22F2-4B3D-80BD-D2CAB27A1E95}"
EndProject
Project("{FAE04EC0-301F-11D3-BF4B-00C04F79EFBC}") = "ImagesDb", "ImagesDb\ImagesDb.csproj", "{21685641-D685-43CB-AD94-B8D302D24DB3}"
EndProject
Project("{FAE04EC0-301F-11D3-BF4B-00C04F79EFBC}") = "DbCommon", "DbCommon\DbCommon.csproj", "{C7D1EEC4-BF89-4558-AEC4-8C4D8917CB9B}"
EndProject
Project("{2150E333-8FDC-42A3-9474-1A3956D46DE8}") = "integration", "integration", "{A645B8D8-55C3-4EB4-814A-15F48984B907}"
EndProject
Project("{2150E333-8FDC-42A3-9474-1A3956D46DE8}") = "unit", "unit", "{4535D54F-DECA-4365-BCBE-C80B35E26060}"
EndProject
Global
	GlobalSection(SolutionConfigurationPlatforms) = preSolution
		Debug|Any CPU = Debug|Any CPU
		Release|Any CPU = Release|Any CPU
	EndGlobalSection
	GlobalSection(ProjectConfigurationPlatforms) = postSolution
		{2B9ED235-535B-413A-8152-F184EFFF7887}.Debug|Any CPU.ActiveCfg = Debug|Any CPU
		{2B9ED235-535B-413A-8152-F184EFFF7887}.Debug|Any CPU.Build.0 = Debug|Any CPU
		{2B9ED235-535B-413A-8152-F184EFFF7887}.Release|Any CPU.ActiveCfg = Release|Any CPU
		{2B9ED235-535B-413A-8152-F184EFFF7887}.Release|Any CPU.Build.0 = Release|Any CPU
		{CCEA6D65-C6C5-4B82-BFFD-0EA0BDDFAC16}.Debug|Any CPU.ActiveCfg = Debug|Any CPU
		{CCEA6D65-C6C5-4B82-BFFD-0EA0BDDFAC16}.Debug|Any CPU.Build.0 = Debug|Any CPU
		{CCEA6D65-C6C5-4B82-BFFD-0EA0BDDFAC16}.Release|Any CPU.ActiveCfg = Release|Any CPU
		{CCEA6D65-C6C5-4B82-BFFD-0EA0BDDFAC16}.Release|Any CPU.Build.0 = Release|Any CPU
		{61FFC57C-9EA5-4745-BA26-7A3239382FF8}.Debug|Any CPU.ActiveCfg = Debug|Any CPU
		{61FFC57C-9EA5-4745-BA26-7A3239382FF8}.Debug|Any CPU.Build.0 = Debug|Any CPU
		{61FFC57C-9EA5-4745-BA26-7A3239382FF8}.Release|Any CPU.ActiveCfg = Release|Any CPU
		{61FFC57C-9EA5-4745-BA26-7A3239382FF8}.Release|Any CPU.Build.0 = Release|Any CPU
		{09875BEC-22F2-4B3D-80BD-D2CAB27A1E95}.Debug|Any CPU.ActiveCfg = Debug|Any CPU
		{09875BEC-22F2-4B3D-80BD-D2CAB27A1E95}.Debug|Any CPU.Build.0 = Debug|Any CPU
		{09875BEC-22F2-4B3D-80BD-D2CAB27A1E95}.Release|Any CPU.ActiveCfg = Release|Any CPU
		{09875BEC-22F2-4B3D-80BD-D2CAB27A1E95}.Release|Any CPU.Build.0 = Release|Any CPU
		{21685641-D685-43CB-AD94-B8D302D24DB3}.Debug|Any CPU.ActiveCfg = Debug|Any CPU
		{21685641-D685-43CB-AD94-B8D302D24DB3}.Debug|Any CPU.Build.0 = Debug|Any CPU
		{21685641-D685-43CB-AD94-B8D302D24DB3}.Release|Any CPU.ActiveCfg = Release|Any CPU
		{21685641-D685-43CB-AD94-B8D302D24DB3}.Release|Any CPU.Build.0 = Release|Any CPU
		{C7D1EEC4-BF89-4558-AEC4-8C4D8917CB9B}.Debug|Any CPU.ActiveCfg = Debug|Any CPU
		{C7D1EEC4-BF89-4558-AEC4-8C4D8917CB9B}.Debug|Any CPU.Build.0 = Debug|Any CPU
		{C7D1EEC4-BF89-4558-AEC4-8C4D8917CB9B}.Release|Any CPU.ActiveCfg = Release|Any CPU
		{C7D1EEC4-BF89-4558-AEC4-8C4D8917CB9B}.Release|Any CPU.Build.0 = Release|Any CPU
	EndGlobalSection
	GlobalSection(NestedProjects) = preSolution
		{2B9ED235-535B-413A-8152-F184EFFF7887} = {50D94278-9F56-4E66-805B-97DC0F41E8D1}
		{CCEA6D65-C6C5-4B82-BFFD-0EA0BDDFAC16} = {50D94278-9F56-4E66-805B-97DC0F41E8D1}
		{682F5EE6-E481-4641-A794-803526516F66} = {50D94278-9F56-4E66-805B-97DC0F41E8D1}
		{61FFC57C-9EA5-4745-BA26-7A3239382FF8} = {682F5EE6-E481-4641-A794-803526516F66}
		{09875BEC-22F2-4B3D-80BD-D2CAB27A1E95} = {682F5EE6-E481-4641-A794-803526516F66}
		{21685641-D685-43CB-AD94-B8D302D24DB3} = {682F5EE6-E481-4641-A794-803526516F66}
		{C7D1EEC4-BF89-4558-AEC4-8C4D8917CB9B} = {682F5EE6-E481-4641-A794-803526516F66}
		{A645B8D8-55C3-4EB4-814A-15F48984B907} = {2CCF621D-A516-4497-9817-C600F5BEC85D}
		{4535D54F-DECA-4365-BCBE-C80B35E26060} = {2CCF621D-A516-4497-9817-C600F5BEC85D}
	EndGlobalSection
EndGlobal
